
Microsoft Visual Studio Solution File, Format Version 11.00
# Visual Studio 2010
Project("{FAE04EC0-301F-11D3-BF4B-00C04F79EFBC}") = "nBinLib", "nBinLib\nBinLib.csproj", "{39DA2C4D-6E09-4707-8F6B-DC7C913C983C}"
EndProject
Project("{FAE04EC0-301F-11D3-BF4B-00C04F79EFBC}") = "nBinLib.Tests", "nBinLib.Tests\nBinLib.Tests.csproj", "{9CB0BAA9-7287-4761-AC6F-619A1697A46D}"
EndProject
Global
	GlobalSection(SolutionConfigurationPlatforms) = preSolution
		Debug|Any CPU = Debug|Any CPU
		Release|Any CPU = Release|Any CPU
	EndGlobalSection
	GlobalSection(ProjectConfigurationPlatforms) = postSolution
		{39DA2C4D-6E09-4707-8F6B-DC7C913C983C}.Debug|Any CPU.ActiveCfg = Debug|Any CPU
		{39DA2C4D-6E09-4707-8F6B-DC7C913C983C}.Debug|Any CPU.Build.0 = Debug|Any CPU
		{39DA2C4D-6E09-4707-8F6B-DC7C913C983C}.Release|Any CPU.ActiveCfg = Release|Any CPU
		{39DA2C4D-6E09-4707-8F6B-DC7C913C983C}.Release|Any CPU.Build.0 = Release|Any CPU
		{9CB0BAA9-7287-4761-AC6F-619A1697A46D}.Debug|Any CPU.ActiveCfg = Debug|Any CPU
		{9CB0BAA9-7287-4761-AC6F-619A1697A46D}.Debug|Any CPU.Build.0 = Debug|Any CPU
		{9CB0BAA9-7287-4761-AC6F-619A1697A46D}.Release|Any CPU.ActiveCfg = Release|Any CPU
		{9CB0BAA9-7287-4761-AC6F-619A1697A46D}.Release|Any CPU.Build.0 = Release|Any CPU
	EndGlobalSection
	GlobalSection(SolutionProperties) = preSolution
		HideSolutionNode = FALSE
	EndGlobalSection
EndGlobal
